
Microsoft Visual Studio Solution File, Format Version 12.00
# Visual Studio Version 17
VisualStudioVersion = 17.14.37628.2 d17.14
MinimumVisualStudioVersion = 10.0.40219.1
Project("{FAE04EC0-301F-11D3-BF4B-00C04F79EFBC}") = "WebApp3Layers", "WebApp3Layers\WebApp3Layers.csproj", "{F6403397-2B5D-478B-B442-E9AC34AE89A3}"
EndProject
Global
	GlobalSection(SolutionConfigurationPlatforms) = preSolution
		Debug|Any CPU = Debug|Any CPU
		Release|Any CPU = Release|Any CPU
	EndGlobalSection
	GlobalSection(ProjectConfigurationPlatforms) = postSolution
		{F6403397-2B5D-478B-B442-E9AC34AE89A3}.Debug|Any CPU.ActiveCfg = Debug|Any CPU
		{F6403397-2B5D-478B-B442-E9AC34AE89A3}.Debug|Any CPU.Build.0 = Debug|Any CPU
		{F6403397-2B5D-478B-B442-E9AC34AE89A3}.Release|Any CPU.ActiveCfg = Release|Any CPU
		{F6403397-2B5D-478B-B442-E9AC34AE89A3}.Release|Any CPU.Build.0 = Release|Any CPU
	EndGlobalSection
	GlobalSection(SolutionProperties) = preSolution
		HideSolutionNode = FALSE
	EndGlobalSection
	GlobalSection(ExtensibilityGlobals) = postSolution
		SolutionGuid = {810A140F-3AE9-4C9A-A3DF-6B674CF4FC18}
	EndGlobalSection
EndGlobal
